
Microsoft Visual Studio Solution File, Format Version 12.00
# Visual Studio Version 17
VisualStudioVersion = 17.2.32526.322
MinimumVisualStudioVersion = 10.0.40219.1
Project("{9A19103F-16F7-4668-BE54-9A1E7A4F7556}") = "SeleniumDemo", "SeleniumDemo.csproj", "{102C2D67-7951-4AE2-B39F-CCE245D243B8}"
EndProject
Global
	GlobalSection(SolutionConfigurationPlatforms) = preSolution
		Debug|Any CPU = Debug|Any CPU
		Release|Any CPU = Release|Any CPU
	EndGlobalSection
	GlobalSection(ProjectConfigurationPlatforms) = postSolution
		{102C2D67-7951-4AE2-B39F-CCE245D243B8}.Debug|Any CPU.ActiveCfg = Debug|Any CPU
		{102C2D67-7951-4AE2-B39F-CCE245D243B8}.Debug|Any CPU.Build.0 = Debug|Any CPU
		{102C2D67-7951-4AE2-B39F-CCE245D243B8}.Release|Any CPU.ActiveCfg = Release|Any CPU
		{102C2D67-7951-4AE2-B39F-CCE245D243B8}.Release|Any CPU.Build.0 = Release|Any CPU
	EndGlobalSection
	GlobalSection(SolutionProperties) = preSolution
		HideSolutionNode = FALSE
	EndGlobalSection
	GlobalSection(ExtensibilityGlobals) = postSolution
		SolutionGuid = {8D8270CE-4386-4C48-8C05-DBD28C2C1503}
	EndGlobalSection
EndGlobal
